// !$*UTF8*$!
{
	archiveVersion = 1;
	classes = {
	};
	objectVersion = 48;
	objects = {

/* Begin PBXBuildFile section */
		6D932DAA20930B830090AB40 /* UIView+CPRAddition.m in Sources */ = {isa = PBXBuildFile; fileRef = 6D932DA920930B830090AB40 /* UIView+CPRAddition.m */; };
		6D932DAD20931BCE0090AB40 /* UIColor+CPRAddition.m in Sources */ = {isa = PBXBuildFile; fileRef = 6D932DAC20931BCE0090AB40 /* UIColor+CPRAddition.m */; };
		6D981ABF2092FFF60056D347 /* AppDelegate.m in Sources */ = {isa = PBXBuildFile; fileRef = 6D981ABE2092FFF60056D347 /* AppDelegate.m */; };
		6D981AC22092FFF60056D347 /* ViewController.m in Sources */ = {isa = PBXBuildFile; fileRef = 6D981AC12092FFF60056D347 /* ViewController.m */; };
		6D981AC52092FFF60056D347 /* Main.storyboard in Resources */ = {isa = PBXBuildFile; fileRef = 6D981AC32092FFF60056D347 /* Main.storyboard */; };
		6D981AC72092FFF60056D347 /* Assets.xcassets in Resources */ = {isa = PBXBuildFile; fileRef = 6D981AC62092FFF60056D347 /* Assets.xcassets */; };
		6D981ACA2092FFF60056D347 /* LaunchScreen.storyboard in Resources */ = {isa = PBXBuildFile; fileRef = 6D981AC82092FFF60056D347 /* LaunchScreen.storyboard */; };
		6D981ACD2092FFF60056D347 /* main.m in Sources */ = {isa = PBXBuildFile; fileRef = 6D981ACC2092FFF60056D347 /* main.m */; };
		6D981AD72092FFF70056D347 /* CPRExtensionDemoTests.m in Sources */ = {isa = PBXBuildFile; fileRef = 6D981AD62092FFF70056D347 /* CPRExtensionDemoTests.m */; };
		6D981AE22092FFF70056D347 /* CPRExtensionDemoUITests.m in Sources */ = {isa = PBXBuildFile; fileRef = 6D981AE12092FFF70056D347 /* CPRExtensionDemoUITests.m */; };
		6D981AF4209300BB0056D347 /* NSDictionary+CPRAddition.m in Sources */ = {isa = PBXBuildFile; fileRef = 6D981AF3209300BB0056D347 /* NSDictionary+CPRAddition.m */; };
/* End PBXBuildFile section */

/* Begin PBXContainerItemProxy section */
		6D981AD32092FFF70056D347 /* PBXContainerItemProxy */ = {
			isa = PBXContainerItemProxy;
			containerPortal = 6D981AB22092FFF60056D347 /* Project object */;
			proxyType = 1;
			remoteGlobalIDString = 6D981AB92092FFF60056D347;
			remoteInfo = CPRExtensionDemo;
		};
		6D981ADE2092FFF70056D347 /* PBXContainerItemProxy */ = {
			isa = PBXContainerItemProxy;
			containerPortal = 6D981AB22092FFF60056D347 /* Project object */;
			proxyType = 1;
			remoteGlobalIDString = 6D981AB92092FFF60056D347;
			remoteInfo = CPRExtensionDemo;
		};
/* End PBXContainerItemProxy section */

/* Begin PBXFileReference section */
		6D932DA820930B830090AB40 /* UIView+CPRAddition.h */ = {isa = PBXFileReference; lastKnownFileType = sourcecode.c.h; path = "UIView+CPRAddition.h"; sourceTree = "<group>"; };
		6D932DA920930B830090AB40 /* UIView+CPRAddition.m */ = {isa = PBXFileReference; lastKnownFileType = sourcecode.c.objc; path = "UIView+CPRAddition.m"; sourceTree = "<group>"; };
		6D932DAB20931BCE0090AB40 /* UIColor+CPRAddition.h */ = {isa = PBXFileReference; lastKnownFileType = sourcecode.c.h; path = "UIColor+CPRAddition.h"; sourceTree = "<group>"; };
		6D932DAC20931BCE0090AB40 /* UIColor+CPRAddition.m */ = {isa = PBXFileReference; lastKnownFileType = sourcecode.c.objc; path = "UIColor+CPRAddition.m"; sourceTree = "<group>"; };
		6D932DAE209323D40090AB40 /* CPRExtensionMacro.h */ = {isa = PBXFileReference; lastKnownFileType = sourcecode.c.h; path = CPRExtensionMacro.h; sourceTree = "<group>"; };
		6D981ABA2092FFF60056D347 /* CPRExtensionDemo.app */ = {isa = PBXFileReference; explicitFileType = wrapper.application; includeInIndex = 0; path = CPRExtensionDemo.app; sourceTree = BUILT_PRODUCTS_DIR; };
		6D981ABD2092FFF60056D347 /* AppDelegate.h */ = {isa = PBXFileReference; lastKnownFileType = sourcecode.c.h; path = AppDelegate.h; sourceTree = "<group>"; };
		6D981ABE2092FFF60056D347 /* AppDelegate.m */ = {isa = PBXFileReference; lastKnownFileType = sourcecode.c.objc; path = AppDelegate.m; sourceTree = "<group>"; };
		6D981AC02092FFF60056D347 /* ViewController.h */ = {isa = PBXFileReference; lastKnownFileType = sourcecode.c.h; path = ViewController.h; sourceTree = "<group>"; };
		6D981AC12092FFF60056D347 /* ViewController.m */ = {isa = PBXFileReference; lastKnownFileType = sourcecode.c.objc; path = ViewController.m; sourceTree = "<group>"; };
		6D981AC42092FFF60056D347 /* Base */ = {isa = PBXFileReference; lastKnownFileType = file.storyboard; name = Base; path = Base.lproj/Main.storyboard; sourceTree = "<group>"; };
		6D981AC62092FFF60056D347 /* Assets.xcassets */ = {isa = PBXFileReference; lastKnownFileType = folder.assetcatalog; path = Assets.xcassets; sourceTree = "<group>"; };
		6D981AC92092FFF60056D347 /* Base */ = {isa = PBXFileReference; lastKnownFileType = file.storyboard; name = Base; path = Base.lproj/LaunchScreen.storyboard; sourceTree = "<group>"; };
		6D981ACB2092FFF60056D347 /* Info.plist */ = {isa = PBXFileReference; lastKnownFileType = text.plist.xml; path = Info.plist; sourceTree = "<group>"; };
		6D981ACC2092FFF60056D347 /* main.m */ = {isa = PBXFileReference; lastKnownFileType = sourcecode.c.objc; path = main.m; sourceTree = "<group>"; };
		6D981AD22092FFF70056D347 /* CPRExtensionDemoTests.xctest */ = {isa = PBXFileReference; explicitFileType = wrapper.cfbundle; includeInIndex = 0; path = CPRExtensionDemoTests.xctest; sourceTree = BUILT_PRODUCTS_DIR; };
		6D981AD62092FFF70056D347 /* CPRExtensionDemoTests.m */ = {isa = PBXFileReference; lastKnownFileType = sourcecode.c.objc; path = CPRExtensionDemoTests.m; sourceTree = "<group>"; };
		6D981AD82092FFF70056D347 /* Info.plist */ = {isa = PBXFileReference; lastKnownFileType = text.plist.xml; path = Info.plist; sourceTree = "<group>"; };
		6D981ADD2092FFF70056D347 /* CPRExtensionDemoUITests.xctest */ = {isa = PBXFileReference; explicitFileType = wrapper.cfbundle; includeInIndex = 0; path = CPRExtensionDemoUITests.xctest; sourceTree = BUILT_PRODUCTS_DIR; };
		6D981AE12092FFF70056D347 /* CPRExtensionDemoUITests.m */ = {isa = PBXFileReference; lastKnownFileType = sourcecode.c.objc; path = CPRExtensionDemoUITests.m; sourceTree = "<group>"; };
		6D981AE32092FFF70056D347 /* Info.plist */ = {isa = PBXFileReference; lastKnownFileType = text.plist.xml; path = Info.plist; sourceTree = "<group>"; };
		6D981AF2209300BB0056D347 /* NSDictionary+CPRAddition.h */ = {isa = PBXFileReference; lastKnownFileType = sourcecode.c.h; path = "NSDictionary+CPRAddition.h"; sourceTree = "<group>"; };
		6D981AF3209300BB0056D347 /* NSDictionary+CPRAddition.m */ = {isa = PBXFileReference; lastKnownFileType = sourcecode.c.objc; path = "NSDictionary+CPRAddition.m"; sourceTree = "<group>"; };
/* End PBXFileReference section */

/* Begin PBXFrameworksBuildPhase section */
		6D981AB72092FFF60056D347 /* Frameworks */ = {
			isa = PBXFrameworksBuildPhase;
			buildActionMask = 2147483647;
			files = (
			);
			runOnlyForDeploymentPostprocessing = 0;
		};
		6D981ACF2092FFF70056D347 /* Frameworks */ = {
			isa = PBXFrameworksBuildPhase;
			buildActionMask = 2147483647;
			files = (
			);
			runOnlyForDeploymentPostprocessing = 0;
		};
		6D981ADA2092FFF70056D347 /* Frameworks */ = {
			isa = PBXFrameworksBuildPhase;
			buildActionMask = 2147483647;
			files = (
			);
			runOnlyForDeploymentPostprocessing = 0;
		};
/* End PBXFrameworksBuildPhase section */

/* Begin PBXGroup section */
		6D981AB12092FFF60056D347 = {
			isa = PBXGroup;
			children = (
				6D981ABC2092FFF60056D347 /* CPRExtensionDemo */,
				6D981AD52092FFF70056D347 /* CPRExtensionDemoTests */,
				6D981AE02092FFF70056D347 /* CPRExtensionDemoUITests */,
				6D981ABB2092FFF60056D347 /* Products */,
			);
			sourceTree = "<group>";
		};
		6D981ABB2092FFF60056D347 /* Products */ = {
			isa = PBXGroup;
			children = (
				6D981ABA2092FFF60056D347 /* CPRExtensionDemo.app */,
				6D981AD22092FFF70056D347 /* CPRExtensionDemoTests.xctest */,
				6D981ADD2092FFF70056D347 /* CPRExtensionDemoUITests.xctest */,
			);
			name = Products;
			sourceTree = "<group>";
		};
		6D981ABC2092FFF60056D347 /* CPRExtensionDemo */ = {
			isa = PBXGroup;
			children = (
				6D981AEF2093003B0056D347 /* CPRExtension */,
				6D981ABD2092FFF60056D347 /* AppDelegate.h */,
				6D981ABE2092FFF60056D347 /* AppDelegate.m */,
				6D981AC02092FFF60056D347 /* ViewController.h */,
				6D981AC12092FFF60056D347 /* ViewController.m */,
				6D981AC32092FFF60056D347 /* Main.storyboard */,
				6D981AC62092FFF60056D347 /* Assets.xcassets */,
				6D981AC82092FFF60056D347 /* LaunchScreen.storyboard */,
				6D981ACB2092FFF60056D347 /* Info.plist */,
				6D981ACC2092FFF60056D347 /* main.m */,
			);
			path = CPRExtensionDemo;
			sourceTree = "<group>";
		};
		6D981AD52092FFF70056D347 /* CPRExtensionDemoTests */ = {
			isa = PBXGroup;
			children = (
				6D981AD62092FFF70056D347 /* CPRExtensionDemoTests.m */,
				6D981AD82092FFF70056D347 /* Info.plist */,
			);
			path = CPRExtensionDemoTests;
			sourceTree = "<group>";
		};
		6D981AE02092FFF70056D347 /* CPRExtensionDemoUITests */ = {
			isa = PBXGroup;
			children = (
				6D981AE12092FFF70056D347 /* CPRExtensionDemoUITests.m */,
				6D981AE32092FFF70056D347 /* Info.plist */,
			);
			path = CPRExtensionDemoUITests;
			sourceTree = "<group>";
		};
		6D981AEF2093003B0056D347 /* CPRExtension */ = {
			isa = PBXGroup;
			children = (
				6D932DAE209323D40090AB40 /* CPRExtensionMacro.h */,
				6D981AF1209300740056D347 /* Foundation */,
				6D981AF0209300470056D347 /* UIKit */,
			);
			path = CPRExtension;
			sourceTree = "<group>";
		};
		6D981AF0209300470056D347 /* UIKit */ = {
			isa = PBXGroup;
			children = (
				6D932DA820930B830090AB40 /* UIView+CPRAddition.h */,
				6D932DA920930B830090AB40 /* UIView+CPRAddition.m */,
				6D932DAB20931BCE0090AB40 /* UIColor+CPRAddition.h */,
				6D932DAC20931BCE0090AB40 /* UIColor+CPRAddition.m */,
			);
			path = UIKit;
			sourceTree = "<group>";
		};
		6D981AF1209300740056D347 /* Foundation */ = {
			isa = PBXGroup;
			children = (
				6D981AF2209300BB0056D347 /* NSDictionary+CPRAddition.h */,
				6D981AF3209300BB0056D347 /* NSDictionary+CPRAddition.m */,
			);
			path = Foundation;
			sourceTree = "<group>";
		};
/* End PBXGroup section */

/* Begin PBXNativeTarget section */
		6D981AB92092FFF60056D347 /* CPRExtensionDemo */ = {
			isa = PBXNativeTarget;
			buildConfigurationList = 6D981AE62092FFF70056D347 /* Build configuration list for PBXNativeTarget "CPRExtensionDemo" */;
			buildPhases = (
				6D981AB62092FFF60056D347 /* Sources */,
				6D981AB72092FFF60056D347 /* Frameworks */,
				6D981AB82092FFF60056D347 /* Resources */,
			);
			buildRules = (
			);
			dependencies = (
			);
			name = CPRExtensionDemo;
			productName = CPRExtensionDemo;
			productReference = 6D981ABA2092FFF60056D347 /* CPRExtensionDemo.app */;
			productType = "com.apple.product-type.application";
		};
		6D981AD12092FFF70056D347 /* CPRExtensionDemoTests */ = {
			isa = PBXNativeTarget;
			buildConfigurationList = 6D981AE92092FFF70056D347 /* Build configuration list for PBXNativeTarget "CPRExtensionDemoTests" */;
			buildPhases = (
				6D981ACE2092FFF70056D347 /* Sources */,
				6D981ACF2092FFF70056D347 /* Frameworks */,
				6D981AD02092FFF70056D347 /* Resources */,
			);
			buildRules = (
			);
			dependencies = (
				6D981AD42092FFF70056D347 /* PBXTargetDependency */,
			);
			name = CPRExtensionDemoTests;
			productName = CPRExtensionDemoTests;
			productReference = 6D981AD22092FFF70056D347 /* CPRExtensionDemoTests.xctest */;
			productType = "com.apple.product-type.bundle.unit-test";
		};
		6D981ADC2092FFF70056D347 /* CPRExtensionDemoUITests */ = {
			isa = PBXNativeTarget;
			buildConfigurationList = 6D981AEC2092FFF70056D347 /* Build configuration list for PBXNativeTarget "CPRExtensionDemoUITests" */;
			buildPhases = (
				6D981AD92092FFF70056D347 /* Sources */,
				6D981ADA2092FFF70056D347 /* Frameworks */,
				6D981ADB2092FFF70056D347 /* Resources */,
			);
			buildRules = (
			);
			dependencies = (
				6D981ADF2092FFF70056D347 /* PBXTargetDependency */,
			);
			name = CPRExtensionDemoUITests;
			productName = CPRExtensionDemoUITests;
			productReference = 6D981ADD2092FFF70056D347 /* CPRExtensionDemoUITests.xctest */;
			productType = "com.apple.product-type.bundle.ui-testing";
		};
/* End PBXNativeTarget section */

/* Begin PBXProject section */
		6D981AB22092FFF60056D347 /* Project object */ = {
			isa = PBXProject;
			attributes = {
				LastUpgradeCheck = 0920;
				ORGANIZATIONNAME = "zte's iMac";
				TargetAttributes = {
					6D981AB92092FFF60056D347 = {
						CreatedOnToolsVersion = 9.2;
						ProvisioningStyle = Automatic;
					};
					6D981AD12092FFF70056D347 = {
						CreatedOnToolsVersion = 9.2;
						ProvisioningStyle = Automatic;
						TestTargetID = 6D981AB92092FFF60056D347;
					};
					6D981ADC2092FFF70056D347 = {
						CreatedOnToolsVersion = 9.2;
						ProvisioningStyle = Automatic;
						TestTargetID = 6D981AB92092FFF60056D347;
					};
				};
			};
			buildConfigurationList = 6D981AB52092FFF60056D347 /* Build configuration list for PBXProject "CPRExtensionDemo" */;
			compatibilityVersion = "Xcode 8.0";
			developmentRegion = en;
			hasScannedForEncodings = 0;
			knownRegions = (
				en,
				Base,
			);
			mainGroup = 6D981AB12092FFF60056D347;
			productRefGroup = 6D981ABB2092FFF60056D347 /* Products */;
			projectDirPath = "";
			projectRoot = "";
			targets = (
				6D981AB92092FFF60056D347 /* CPRExtensionDemo */,
				6D981AD12092FFF70056D347 /* CPRExtensionDemoTests */,
				6D981ADC2092FFF70056D347 /* CPRExtensionDemoUITests */,
			);
		};
/* End PBXProject section */

/* Begin PBXResourcesBuildPhase section */
		6D981AB82092FFF60056D347 /* Resources */ = {
			isa = PBXResourcesBuildPhase;
			buildActionMask = 2147483647;
			files = (
				6D981ACA2092FFF60056D347 /* LaunchScreen.storyboard in Resources */,
				6D981AC72092FFF60056D347 /* Assets.xcassets in Resources */,
				6D981AC52092FFF60056D347 /* Main.storyboard in Resources */,
			);
			runOnlyForDeploymentPostprocessing = 0;
		};
		6D981AD02092FFF70056D347 /* Resources */ = {
			isa = PBXResourcesBuildPhase;
			buildActionMask = 2147483647;
			files = (
			);
			runOnlyForDeploymentPostprocessing = 0;
		};
		6D981ADB2092FFF70056D347 /* Resources */ = {
			isa = PBXResourcesBuildPhase;
			buildActionMask = 2147483647;
			files = (
			);
			runOnlyForDeploymentPostprocessing = 0;
		};
/* End PBXResourcesBuildPhase section */

/* Begin PBXSourcesBuildPhase section */
		6D981AB62092FFF60056D347 /* Sources */ = {
			isa = PBXSourcesBuildPhase;
			buildActionMask = 2147483647;
			files = (
				6D981AF4209300BB0056D347 /* NSDictionary+CPRAddition.m in Sources */,
				6D981AC22092FFF60056D347 /* ViewController.m in Sources */,
				6D932DAA20930B830090AB40 /* UIView+CPRAddition.m in Sources */,
				6D932DAD20931BCE0090AB40 /* UIColor+CPRAddition.m in Sources */,
				6D981ACD2092FFF60056D347 /* main.m in Sources */,
				6D981ABF2092FFF60056D347 /* AppDelegate.m in Sources */,
			);
			runOnlyForDeploymentPostprocessing = 0;
		};
		6D981ACE2092FFF70056D347 /* Sources */ = {
			isa = PBXSourcesBuildPhase;
			buildActionMask = 2147483647;
			files = (
				6D981AD72092FFF70056D347 /* CPRExtensionDemoTests.m in Sources */,
			);
			runOnlyForDeploymentPostprocessing = 0;
		};
		6D981AD92092FFF70056D347 /* Sources */ = {
			isa = PBXSourcesBuildPhase;
			buildActionMask = 2147483647;
			files = (
				6D981AE22092FFF70056D347 /* CPRExtensionDemoUITests.m in Sources */,
			);
			runOnlyForDeploymentPostprocessing = 0;
		};
/* End PBXSourcesBuildPhase section */

/* Begin PBXTargetDependency section */
		6D981AD42092FFF70056D347 /* PBXTargetDependency */ = {
			isa = PBXTargetDependency;
			target = 6D981AB92092FFF60056D347 /* CPRExtensionDemo */;
			targetProxy = 6D981AD32092FFF70056D347 /* PBXContainerItemProxy */;
		};
		6D981ADF2092FFF70056D347 /* PBXTargetDependency */ = {
			isa = PBXTargetDependency;
			target = 6D981AB92092FFF60056D347 /* CPRExtensionDemo */;
			targetProxy = 6D981ADE2092FFF70056D347 /* PBXContainerItemProxy */;
		};
/* End PBXTargetDependency section */

/* Begin PBXVariantGroup section */
		6D981AC32092FFF60056D347 /* Main.storyboard */ = {
			isa = PBXVariantGroup;
			children = (
				6D981AC42092FFF60056D347 /* Base */,
			);
			name = Main.storyboard;
			sourceTree = "<group>";
		};
		6D981AC82092FFF60056D347 /* LaunchScreen.storyboard */ = {
			isa = PBXVariantGroup;
			children = (
				6D981AC92092FFF60056D347 /* Base */,
			);
			name = LaunchScreen.storyboard;
			sourceTree = "<group>";
		};
/* End PBXVariantGroup section */

/* Begin XCBuildConfiguration section */
		6D981AE42092FFF70056D347 /* Debug */ = {
			isa = XCBuildConfiguration;
			buildSettings = {
				ALWAYS_SEARCH_USER_PATHS = NO;
				CLANG_ANALYZER_NONNULL = YES;
				CLANG_ANALYZER_NUMBER_OBJECT_CONVERSION = YES_AGGRESSIVE;
				CLANG_CXX_LANGUAGE_STANDARD = "gnu++14";
				CLANG_CXX_LIBRARY = "libc++";
				CLANG_ENABLE_MODULES = YES;
				CLANG_ENABLE_OBJC_ARC = YES;
				CLANG_WARN_BLOCK_CAPTURE_AUTORELEASING = YES;
				CLANG_WARN_BOOL_CONVERSION = YES;
				CLANG_WARN_COMMA = YES;
				CLANG_WARN_CONSTANT_CONVERSION = YES;
				CLANG_WARN_DIRECT_OBJC_ISA_USAGE = YES_ERROR;
				CLANG_WARN_DOCUMENTATION_COMMENTS = YES;
				CLANG_WARN_EMPTY_BODY = YES;
				CLANG_WARN_ENUM_CONVERSION = YES;
				CLANG_WARN_INFINITE_RECURSION = YES;
				CLANG_WARN_INT_CONVERSION = YES;
				CLANG_WARN_NON_LITERAL_NULL_CONVERSION = YES;
				CLANG_WARN_OBJC_LITERAL_CONVERSION = YES;
				CLANG_WARN_OBJC_ROOT_CLASS = YES_ERROR;
				CLANG_WARN_RANGE_LOOP_ANALYSIS = YES;
				CLANG_WARN_STRICT_PROTOTYPES = YES;
				CLANG_WARN_SUSPICIOUS_MOVE = YES;
				CLANG_WARN_UNGUARDED_AVAILABILITY = YES_AGGRESSIVE;
				CLANG_WARN_UNREACHABLE_CODE = YES;
				CLANG_WARN__DUPLICATE_METHOD_MATCH = YES;
				CODE_SIGN_IDENTITY = "iPhone Developer";
				COPY_PHASE_STRIP = NO;
				DEBUG_INFORMATION_FORMAT = dwarf;
				ENABLE_STRICT_OBJC_MSGSEND = YES;
				ENABLE_TESTABILITY = YES;
				GCC_C_LANGUAGE_STANDARD = gnu11;
				GCC_DYNAMIC_NO_PIC = NO;
				GCC_NO_COMMON_BLOCKS = YES;
				GCC_OPTIMIZATION_LEVEL = 0;
				GCC_PREPROCESSOR_DEFINITIONS = (
					"DEBUG=1",
					"$(inherited)",
				);
				GCC_WARN_64_TO_32_BIT_CONVERSION = YES;
				GCC_WARN_ABOUT_RETURN_TYPE = YES_ERROR;
				GCC_WARN_UNDECLARED_SELECTOR = YES;
				GCC_WARN_UNINITIALIZED_AUTOS = YES_AGGRESSIVE;
				GCC_WARN_UNUSED_FUNCTION = YES;
				GCC_WARN_UNUSED_VARIABLE = YES;
				IPHONEOS_DEPLOYMENT_TARGET = 11.2;
				MTL_ENABLE_DEBUG_INFO = YES;
				ONLY_ACTIVE_ARCH = YES;
				SDKROOT = iphoneos;
			};
			name = Debug;
		};
		6D981AE52092FFF70056D347 /* Release */ = {
			isa = XCBuildConfiguration;
			buildSettings = {
				ALWAYS_SEARCH_USER_PATHS = NO;
				CLANG_ANALYZER_NONNULL = YES;
				CLANG_ANALYZER_NUMBER_OBJECT_CONVERSION = YES_AGGRESSIVE;
				CLANG_CXX_LANGUAGE_STANDARD = "gnu++14";
				CLANG_CXX_LIBRARY = "libc++";
				CLANG_ENABLE_MODULES = YES;
				CLANG_ENABLE_OBJC_ARC = YES;
				CLANG_WARN_BLOCK_CAPTURE_AUTORELEASING = YES;
				CLANG_WARN_BOOL_CONVERSION = YES;
				CLANG_WARN_COMMA = YES;
				CLANG_WARN_CONSTANT_CONVERSION = YES;
				CLANG_WARN_DIRECT_OBJC_ISA_USAGE = YES_ERROR;
				CLANG_WARN_DOCUMENTATION_COMMENTS = YES;
				CLANG_WARN_EMPTY_BODY = YES;
				CLANG_WARN_ENUM_CONVERSION = YES;
				CLANG_WARN_INFINITE_RECURSION = YES;
				CLANG_WARN_INT_CONVERSION = YES;
				CLANG_WARN_NON_LITERAL_NULL_CONVERSION = YES;
				CLANG_WARN_OBJC_LITERAL_CONVERSION = YES;
				CLANG_WARN_OBJC_ROOT_CLASS = YES_ERROR;
				CLANG_WARN_RANGE_LOOP_ANALYSIS = YES;
				CLANG_WARN_STRICT_PROTOTYPES = YES;
				CLANG_WARN_SUSPICIOUS_MOVE = YES;
				CLANG_WARN_UNGUARDED_AVAILABILITY = YES_AGGRESSIVE;
				CLANG_WARN_UNREACHABLE_CODE = YES;
				CLANG_WARN__DUPLICATE_METHOD_MATCH = YES;
				CODE_SIGN_IDENTITY = "iPhone Developer";
				COPY_PHASE_STRIP = NO;
				DEBUG_INFORMATION_FORMAT = "dwarf-with-dsym";
				ENABLE_NS_ASSERTIONS = NO;
				ENABLE_STRICT_OBJC_MSGSEND = YES;
				GCC_C_LANGUAGE_STANDARD = gnu11;
				GCC_NO_COMMON_BLOCKS = YES;
				GCC_WARN_64_TO_32_BIT_CONVERSION = YES;
				GCC_WARN_ABOUT_RETURN_TYPE = YES_ERROR;
				GCC_WARN_UNDECLARED_SELECTOR = YES;
				GCC_WARN_UNINITIALIZED_AUTOS = YES_AGGRESSIVE;
				GCC_WARN_UNUSED_FUNCTION = YES;
				GCC_WARN_UNUSED_VARIABLE = YES;
				IPHONEOS_DEPLOYMENT_TARGET = 11.2;
				MTL_ENABLE_DEBUG_INFO = NO;
				SDKROOT = iphoneos;
				VALIDATE_PRODUCT = YES;
			};
			name = Release;
		};
		6D981AE72092FFF70056D347 /* Debug */ = {
			isa = XCBuildConfiguration;
			buildSettings = {
				ASSETCATALOG_COMPILER_APPICON_NAME = AppIcon;
				CODE_SIGN_STYLE = Automatic;
				DEVELOPMENT_TEAM = GXW5DZ2P98;
				INFOPLIST_FILE = CPRExtensionDemo/Info.plist;
				LD_RUNPATH_SEARCH_PATHS = "$(inherited) @executable_path/Frameworks";
				PRODUCT_BUNDLE_IDENTIFIER = CPRExtension.CPRExtensionDemo;
				PRODUCT_NAME = "$(TARGET_NAME)";
				TARGETED_DEVICE_FAMILY = "1,2";
			};
			name = Debug;
		};
		6D981AE82092FFF70056D347 /* Release */ = {
			isa = XCBuildConfiguration;
			buildSettings = {
				ASSETCATALOG_COMPILER_APPICON_NAME = AppIcon;
				CODE_SIGN_STYLE = Automatic;
				DEVELOPMENT_TEAM = GXW5DZ2P98;
				INFOPLIST_FILE = CPRExtensionDemo/Info.plist;
				LD_RUNPATH_SEARCH_PATHS = "$(inherited) @executable_path/Frameworks";
				PRODUCT_BUNDLE_IDENTIFIER = CPRExtension.CPRExtensionDemo;
				PRODUCT_NAME = "$(TARGET_NAME)";
				TARGETED_DEVICE_FAMILY = "1,2";
			};
			name = Release;
		};
		6D981AEA2092FFF70056D347 /* Debug */ = {
			isa = XCBuildConfiguration;
			buildSettings = {
				BUNDLE_LOADER = "$(TEST_HOST)";
				CODE_SIGN_STYLE = Automatic;
				INFOPLIST_FILE = CPRExtensionDemoTests/Info.plist;
				LD_RUNPATH_SEARCH_PATHS = "$(inherited) @executable_path/Frameworks @loader_path/Frameworks";
				PRODUCT_BUNDLE_IDENTIFIER = CPRExtension.CPRExtensionDemoTests;
				PRODUCT_NAME = "$(TARGET_NAME)";
				TARGETED_DEVICE_FAMILY = "1,2";
				TEST_HOST = "$(BUILT_PRODUCTS_DIR)/CPRExtensionDemo.app/CPRExtensionDemo";
			};
			name = Debug;
		};
		6D981AEB2092FFF70056D347 /* Release */ = {
			isa = XCBuildConfiguration;
			buildSettings = {
				BUNDLE_LOADER = "$(TEST_HOST)";
				CODE_SIGN_STYLE = Automatic;
				INFOPLIST_FILE = CPRExtensionDemoTests/Info.plist;
				LD_RUNPATH_SEARCH_PATHS = "$(inherited) @executable_path/Frameworks @loader_path/Frameworks";
				PRODUCT_BUNDLE_IDENTIFIER = CPRExtension.CPRExtensionDemoTests;
				PRODUCT_NAME = "$(TARGET_NAME)";
				TARGETED_DEVICE_FAMILY = "1,2";
				TEST_HOST = "$(BUILT_PRODUCTS_DIR)/CPRExtensionDemo.app/CPRExtensionDemo";
			};
			name = Release;
		};
		6D981AED2092FFF70056D347 /* Debug */ = {
			isa = XCBuildConfiguration;
			buildSettings = {
				CODE_SIGN_STYLE = Automatic;
				INFOPLIST_FILE = CPRExtensionDemoUITests/Info.plist;
				LD_RUNPATH_SEARCH_PATHS = "$(inherited) @executable_path/Frameworks @loader_path/Frameworks";
				PRODUCT_BUNDLE_IDENTIFIER = CPRExtension.CPRExtensionDemoUITests;
				PRODUCT_NAME = "$(TARGET_NAME)";
				TARGETED_DEVICE_FAMILY = "1,2";
				TEST_TARGET_NAME = CPRExtensionDemo;
			};
			name = Debug;
		};
		6D981AEE2092FFF70056D347 /* Release */ = {
			isa = XCBuildConfiguration;
			buildSettings = {
				CODE_SIGN_STYLE = Automatic;
				INFOPLIST_FILE = CPRExtensionDemoUITests/Info.plist;
				LD_RUNPATH_SEARCH_PATHS = "$(inherited) @executable_path/Frameworks @loader_path/Frameworks";
				PRODUCT_BUNDLE_IDENTIFIER = CPRExtension.CPRExtensionDemoUITests;
				PRODUCT_NAME = "$(TARGET_NAME)";
				TARGETED_DEVICE_FAMILY = "1,2";
				TEST_TARGET_NAME = CPRExtensionDemo;
			};
			name = Release;
		};
/* End XCBuildConfiguration section */

/* Begin XCConfigurationList section */
		6D981AB52092FFF60056D347 /* Build configuration list for PBXProject "CPRExtensionDemo" */ = {
			isa = XCConfigurationList;
			buildConfigurations = (
				6D981AE42092FFF70056D347 /* Debug */,
				6D981AE52092FFF70056D347 /* Release */,
			);
			defaultConfigurationIsVisible = 0;
			defaultConfigurationName = Release;
		};
		6D981AE62092FFF70056D347 /* Build configuration list for PBXNativeTarget "CPRExtensionDemo" */ = {
			isa = XCConfigurationList;
			buildConfigurations = (
				6D981AE72092FFF70056D347 /* Debug */,
				6D981AE82092FFF70056D347 /* Release */,
			);
			defaultConfigurationIsVisible = 0;
			defaultConfigurationName = Release;
		};
		6D981AE92092FFF70056D347 /* Build configuration list for PBXNativeTarget "CPRExtensionDemoTests" */ = {
			isa = XCConfigurationList;
			buildConfigurations = (
				6D981AEA2092FFF70056D347 /* Debug */,
				6D981AEB2092FFF70056D347 /* Release */,
			);
			defaultConfigurationIsVisible = 0;
			defaultConfigurationName = Release;
		};
		6D981AEC2092FFF70056D347 /* Build configuration list for PBXNativeTarget "CPRExtensionDemoUITests" */ = {
			isa = XCConfigurationList;
			buildConfigurations = (
				6D981AED2092FFF70056D347 /* Debug */,
				6D981AEE2092FFF70056D347 /* Release */,
			);
			defaultConfigurationIsVisible = 0;
			defaultConfigurationName = Release;
		};
/* End XCConfigurationList section */
	};
	rootObject = 6D981AB22092FFF60056D347 /* Project object */;
}
